
Microsoft Visual Studio Solution File, Format Version 12.00
# Visual Studio 2013
VisualStudioVersion = 12.0.31101.0
MinimumVisualStudioVersion = 10.0.40219.1
Project("{FAE04EC0-301F-11D3-BF4B-00C04F79EFBC}") = "FSharp.Interactive.Intellisense", "FSharp.Interactive.Intellisense\FSharp.Interactive.Intellisense.csproj", "{6C599DED-3D3D-4EBC-8607-0B9529323271}"
EndProject
Project("{F2A71F9B-5D33-465A-A702-920D77279786}") = "FSharp.Interactive.Intellisense.Lib", "FSharp.Interactive.Intellisence.Lib\FSharp.Interactive.Intellisense.Lib.fsproj", "{0D841E3A-9F5E-4882-A95A-6ACF08BDE08A}"
EndProject
Project("{2150E333-8FDC-42A3-9474-1A3956D46DE8}") = "Solution Items", "Solution Items", "{0CBAC33B-4EBF-406B-AF26-9CEF0E77E1E0}"
	ProjectSection(SolutionItems) = preProject
		README.md = README.md
		TODO.md = TODO.md
	EndProjectSection
EndProject
Project("{F2A71F9B-5D33-465A-A702-920D77279786}") = "FSharp.Interactive.Intellisense.Lib.Test", "FSharp.Interactive.Intellisense.Lib.Test\FSharp.Interactive.Intellisense.Lib.Test.fsproj", "{F032CD00-5650-482E-A69D-0C59761EC398}"
EndProject
Project("{2150E333-8FDC-42A3-9474-1A3956D46DE8}") = ".nuget", ".nuget", "{F8AD5EDB-E571-42C1-B3D5-91D7D1D663FC}"
	ProjectSection(SolutionItems) = preProject
		.nuget\packages.config = .nuget\packages.config
	EndProjectSection
EndProject
Global
	GlobalSection(SolutionConfigurationPlatforms) = preSolution
		Debug|Any CPU = Debug|Any CPU
		Release|Any CPU = Release|Any CPU
	EndGlobalSection
	GlobalSection(ProjectConfigurationPlatforms) = postSolution
		{6C599DED-3D3D-4EBC-8607-0B9529323271}.Debug|Any CPU.ActiveCfg = Debug|Any CPU
		{6C599DED-3D3D-4EBC-8607-0B9529323271}.Debug|Any CPU.Build.0 = Debug|Any CPU
		{6C599DED-3D3D-4EBC-8607-0B9529323271}.Release|Any CPU.ActiveCfg = Release|Any CPU
		{6C599DED-3D3D-4EBC-8607-0B9529323271}.Release|Any CPU.Build.0 = Release|Any CPU
		{0D841E3A-9F5E-4882-A95A-6ACF08BDE08A}.Debug|Any CPU.ActiveCfg = Debug|Any CPU
		{0D841E3A-9F5E-4882-A95A-6ACF08BDE08A}.Debug|Any CPU.Build.0 = Debug|Any CPU
		{0D841E3A-9F5E-4882-A95A-6ACF08BDE08A}.Release|Any CPU.ActiveCfg = Release|Any CPU
		{0D841E3A-9F5E-4882-A95A-6ACF08BDE08A}.Release|Any CPU.Build.0 = Release|Any CPU
		{F032CD00-5650-482E-A69D-0C59761EC398}.Debug|Any CPU.ActiveCfg = Debug|Any CPU
		{F032CD00-5650-482E-A69D-0C59761EC398}.Debug|Any CPU.Build.0 = Debug|Any CPU
		{F032CD00-5650-482E-A69D-0C59761EC398}.Release|Any CPU.ActiveCfg = Release|Any CPU
		{F032CD00-5650-482E-A69D-0C59761EC398}.Release|Any CPU.Build.0 = Release|Any CPU
	EndGlobalSection
	GlobalSection(SolutionProperties) = preSolution
		HideSolutionNode = FALSE
	EndGlobalSection
EndGlobal
